
Microsoft Visual Studio Solution File, Format Version 12.00
# Visual Studio Version 16
VisualStudioVersion = 16.0.31410.357
MinimumVisualStudioVersion = 10.0.40219.1
Project("{FAE04EC0-301F-11D3-BF4B-00C04F79EFBC}") = "06-abaixoDaMedia", "06-abaixoDaMedia\06-abaixoDaMedia.csproj", "{34742BC2-F8A4-4A43-BFE4-FA388896B4EE}"
EndProject
Global
	GlobalSection(SolutionConfigurationPlatforms) = preSolution
		Debug|Any CPU = Debug|Any CPU
		Release|Any CPU = Release|Any CPU
	EndGlobalSection
	GlobalSection(ProjectConfigurationPlatforms) = postSolution
		{34742BC2-F8A4-4A43-BFE4-FA388896B4EE}.Debug|Any CPU.ActiveCfg = Debug|Any CPU
		{34742BC2-F8A4-4A43-BFE4-FA388896B4EE}.Debug|Any CPU.Build.0 = Debug|Any CPU
		{34742BC2-F8A4-4A43-BFE4-FA388896B4EE}.Release|Any CPU.ActiveCfg = Release|Any CPU
		{34742BC2-F8A4-4A43-BFE4-FA388896B4EE}.Release|Any CPU.Build.0 = Release|Any CPU
	EndGlobalSection
	GlobalSection(SolutionProperties) = preSolution
		HideSolutionNode = FALSE
	EndGlobalSection
	GlobalSection(ExtensibilityGlobals) = postSolution
		SolutionGuid = {364B6D07-4967-4756-9245-293DD1CF3652}
	EndGlobalSection
EndGlobal
