
Microsoft Visual Studio Solution File, Format Version 12.00
# Visual Studio Version 16
VisualStudioVersion = 16.0.31410.357
MinimumVisualStudioVersion = 10.0.40219.1
Project("{FAE04EC0-301F-11D3-BF4B-00C04F79EFBC}") = "07-somaLinhas", "07-somaLinhas\07-somaLinhas.csproj", "{9AD485C8-07D8-4402-ABA9-7B6AFD4EDF21}"
EndProject
Global
	GlobalSection(SolutionConfigurationPlatforms) = preSolution
		Debug|Any CPU = Debug|Any CPU
		Release|Any CPU = Release|Any CPU
	EndGlobalSection
	GlobalSection(ProjectConfigurationPlatforms) = postSolution
		{9AD485C8-07D8-4402-ABA9-7B6AFD4EDF21}.Debug|Any CPU.ActiveCfg = Debug|Any CPU
		{9AD485C8-07D8-4402-ABA9-7B6AFD4EDF21}.Debug|Any CPU.Build.0 = Debug|Any CPU
		{9AD485C8-07D8-4402-ABA9-7B6AFD4EDF21}.Release|Any CPU.ActiveCfg = Release|Any CPU
		{9AD485C8-07D8-4402-ABA9-7B6AFD4EDF21}.Release|Any CPU.Build.0 = Release|Any CPU
	EndGlobalSection
	GlobalSection(SolutionProperties) = preSolution
		HideSolutionNode = FALSE
	EndGlobalSection
	GlobalSection(ExtensibilityGlobals) = postSolution
		SolutionGuid = {3D61A1D3-87EE-4A09-B59A-91F69191B13F}
	EndGlobalSection
EndGlobal
