
Microsoft Visual Studio Solution File, Format Version 12.00
# Visual Studio Version 16
VisualStudioVersion = 16.0.31410.357
MinimumVisualStudioVersion = 10.0.40219.1
Project("{FAE04EC0-301F-11D3-BF4B-00C04F79EFBC}") = "04-notas", "04-notas\04-notas.csproj", "{AA161E1C-F8E5-442C-8552-D593BA31001A}"
EndProject
Global
	GlobalSection(SolutionConfigurationPlatforms) = preSolution
		Debug|Any CPU = Debug|Any CPU
		Release|Any CPU = Release|Any CPU
	EndGlobalSection
	GlobalSection(ProjectConfigurationPlatforms) = postSolution
		{AA161E1C-F8E5-442C-8552-D593BA31001A}.Debug|Any CPU.ActiveCfg = Debug|Any CPU
		{AA161E1C-F8E5-442C-8552-D593BA31001A}.Debug|Any CPU.Build.0 = Debug|Any CPU
		{AA161E1C-F8E5-442C-8552-D593BA31001A}.Release|Any CPU.ActiveCfg = Release|Any CPU
		{AA161E1C-F8E5-442C-8552-D593BA31001A}.Release|Any CPU.Build.0 = Release|Any CPU
	EndGlobalSection
	GlobalSection(SolutionProperties) = preSolution
		HideSolutionNode = FALSE
	EndGlobalSection
	GlobalSection(ExtensibilityGlobals) = postSolution
		SolutionGuid = {7CF12C92-5C7F-4841-B74C-A06068F70C2D}
	EndGlobalSection
EndGlobal
