
Microsoft Visual Studio Solution File, Format Version 12.00
# Visual Studio Version 16
VisualStudioVersion = 16.0.31410.357
MinimumVisualStudioVersion = 10.0.40219.1
Project("{FAE04EC0-301F-11D3-BF4B-00C04F79EFBC}") = "exercicio1.1", "exercicio1.1\exercicio1.1.csproj", "{A48A07C7-6509-404C-AD81-F177C6FA6C90}"
EndProject
Global
	GlobalSection(SolutionConfigurationPlatforms) = preSolution
		Debug|Any CPU = Debug|Any CPU
		Release|Any CPU = Release|Any CPU
	EndGlobalSection
	GlobalSection(ProjectConfigurationPlatforms) = postSolution
		{A48A07C7-6509-404C-AD81-F177C6FA6C90}.Debug|Any CPU.ActiveCfg = Debug|Any CPU
		{A48A07C7-6509-404C-AD81-F177C6FA6C90}.Debug|Any CPU.Build.0 = Debug|Any CPU
		{A48A07C7-6509-404C-AD81-F177C6FA6C90}.Release|Any CPU.ActiveCfg = Release|Any CPU
		{A48A07C7-6509-404C-AD81-F177C6FA6C90}.Release|Any CPU.Build.0 = Release|Any CPU
	EndGlobalSection
	GlobalSection(SolutionProperties) = preSolution
		HideSolutionNode = FALSE
	EndGlobalSection
	GlobalSection(ExtensibilityGlobals) = postSolution
		SolutionGuid = {331B789E-36A0-4F23-82BA-6196C55B060B}
	EndGlobalSection
EndGlobal
