
Microsoft Visual Studio Solution File, Format Version 12.00
# Visual Studio Version 16
VisualStudioVersion = 16.0.31410.357
MinimumVisualStudioVersion = 10.0.40219.1
Project("{FAE04EC0-301F-11D3-BF4B-00C04F79EFBC}") = "exercicio05", "exercicio05\exercicio05.csproj", "{D1EA50C7-02DD-4485-8FCF-E3668D13841D}"
EndProject
Global
	GlobalSection(SolutionConfigurationPlatforms) = preSolution
		Debug|Any CPU = Debug|Any CPU
		Release|Any CPU = Release|Any CPU
	EndGlobalSection
	GlobalSection(ProjectConfigurationPlatforms) = postSolution
		{D1EA50C7-02DD-4485-8FCF-E3668D13841D}.Debug|Any CPU.ActiveCfg = Debug|Any CPU
		{D1EA50C7-02DD-4485-8FCF-E3668D13841D}.Debug|Any CPU.Build.0 = Debug|Any CPU
		{D1EA50C7-02DD-4485-8FCF-E3668D13841D}.Release|Any CPU.ActiveCfg = Release|Any CPU
		{D1EA50C7-02DD-4485-8FCF-E3668D13841D}.Release|Any CPU.Build.0 = Release|Any CPU
	EndGlobalSection
	GlobalSection(SolutionProperties) = preSolution
		HideSolutionNode = FALSE
	EndGlobalSection
	GlobalSection(ExtensibilityGlobals) = postSolution
		SolutionGuid = {508D074F-8F13-4888-BD96-DB9C54386AD0}
	EndGlobalSection
EndGlobal
