
Microsoft Visual Studio Solution File, Format Version 12.00
# Visual Studio Version 16
VisualStudioVersion = 16.0.31410.357
MinimumVisualStudioVersion = 10.0.40219.1
Project("{FAE04EC0-301F-11D3-BF4B-00C04F79EFBC}") = "03-duracao", "03-duracao\03-duracao.csproj", "{A456D6D7-0D8E-461B-8848-FCF373921DD0}"
EndProject
Global
	GlobalSection(SolutionConfigurationPlatforms) = preSolution
		Debug|Any CPU = Debug|Any CPU
		Release|Any CPU = Release|Any CPU
	EndGlobalSection
	GlobalSection(ProjectConfigurationPlatforms) = postSolution
		{A456D6D7-0D8E-461B-8848-FCF373921DD0}.Debug|Any CPU.ActiveCfg = Debug|Any CPU
		{A456D6D7-0D8E-461B-8848-FCF373921DD0}.Debug|Any CPU.Build.0 = Debug|Any CPU
		{A456D6D7-0D8E-461B-8848-FCF373921DD0}.Release|Any CPU.ActiveCfg = Release|Any CPU
		{A456D6D7-0D8E-461B-8848-FCF373921DD0}.Release|Any CPU.Build.0 = Release|Any CPU
	EndGlobalSection
	GlobalSection(SolutionProperties) = preSolution
		HideSolutionNode = FALSE
	EndGlobalSection
	GlobalSection(ExtensibilityGlobals) = postSolution
		SolutionGuid = {F329475A-026C-4E28-A80F-62E09A16ECC3}
	EndGlobalSection
EndGlobal
