
Microsoft Visual Studio Solution File, Format Version 12.00
# Visual Studio Version 16
VisualStudioVersion = 16.0.31410.357
MinimumVisualStudioVersion = 10.0.40219.1
Project("{FAE04EC0-301F-11D3-BF4B-00C04F79EFBC}") = "exercicio06", "exercicio06\exercicio06.csproj", "{B2E7B336-F155-4F23-8915-8825D48E3FB5}"
EndProject
Global
	GlobalSection(SolutionConfigurationPlatforms) = preSolution
		Debug|Any CPU = Debug|Any CPU
		Release|Any CPU = Release|Any CPU
	EndGlobalSection
	GlobalSection(ProjectConfigurationPlatforms) = postSolution
		{B2E7B336-F155-4F23-8915-8825D48E3FB5}.Debug|Any CPU.ActiveCfg = Debug|Any CPU
		{B2E7B336-F155-4F23-8915-8825D48E3FB5}.Debug|Any CPU.Build.0 = Debug|Any CPU
		{B2E7B336-F155-4F23-8915-8825D48E3FB5}.Release|Any CPU.ActiveCfg = Release|Any CPU
		{B2E7B336-F155-4F23-8915-8825D48E3FB5}.Release|Any CPU.Build.0 = Release|Any CPU
	EndGlobalSection
	GlobalSection(SolutionProperties) = preSolution
		HideSolutionNode = FALSE
	EndGlobalSection
	GlobalSection(ExtensibilityGlobals) = postSolution
		SolutionGuid = {AF36374D-D541-4D25-933A-BE9331EBA936}
	EndGlobalSection
EndGlobal
