
Microsoft Visual Studio Solution File, Format Version 12.00
# Visual Studio Version 16
VisualStudioVersion = 16.0.31410.357
MinimumVisualStudioVersion = 10.0.40219.1
Project("{FAE04EC0-301F-11D3-BF4B-00C04F79EFBC}") = "06-alturas", "06-alturas\06-alturas.csproj", "{19B563ED-CB88-4A77-98B4-ABA6898EC3F3}"
EndProject
Global
	GlobalSection(SolutionConfigurationPlatforms) = preSolution
		Debug|Any CPU = Debug|Any CPU
		Release|Any CPU = Release|Any CPU
	EndGlobalSection
	GlobalSection(ProjectConfigurationPlatforms) = postSolution
		{19B563ED-CB88-4A77-98B4-ABA6898EC3F3}.Debug|Any CPU.ActiveCfg = Debug|Any CPU
		{19B563ED-CB88-4A77-98B4-ABA6898EC3F3}.Debug|Any CPU.Build.0 = Debug|Any CPU
		{19B563ED-CB88-4A77-98B4-ABA6898EC3F3}.Release|Any CPU.ActiveCfg = Release|Any CPU
		{19B563ED-CB88-4A77-98B4-ABA6898EC3F3}.Release|Any CPU.Build.0 = Release|Any CPU
	EndGlobalSection
	GlobalSection(SolutionProperties) = preSolution
		HideSolutionNode = FALSE
	EndGlobalSection
	GlobalSection(ExtensibilityGlobals) = postSolution
		SolutionGuid = {47EAFB5A-1274-496C-A8D1-9CCD0E52C5F2}
	EndGlobalSection
EndGlobal
