
Microsoft Visual Studio Solution File, Format Version 12.00
# Visual Studio Version 16
VisualStudioVersion = 16.0.31410.357
MinimumVisualStudioVersion = 10.0.40219.1
Project("{FAE04EC0-301F-11D3-BF4B-00C04F79EFBC}") = "07-somaMatrizes", "07-somaMatrizes\07-somaMatrizes.csproj", "{67AC6237-7A17-4F12-B8E4-B3D95D113FE5}"
EndProject
Global
	GlobalSection(SolutionConfigurationPlatforms) = preSolution
		Debug|Any CPU = Debug|Any CPU
		Release|Any CPU = Release|Any CPU
	EndGlobalSection
	GlobalSection(ProjectConfigurationPlatforms) = postSolution
		{67AC6237-7A17-4F12-B8E4-B3D95D113FE5}.Debug|Any CPU.ActiveCfg = Debug|Any CPU
		{67AC6237-7A17-4F12-B8E4-B3D95D113FE5}.Debug|Any CPU.Build.0 = Debug|Any CPU
		{67AC6237-7A17-4F12-B8E4-B3D95D113FE5}.Release|Any CPU.ActiveCfg = Release|Any CPU
		{67AC6237-7A17-4F12-B8E4-B3D95D113FE5}.Release|Any CPU.Build.0 = Release|Any CPU
	EndGlobalSection
	GlobalSection(SolutionProperties) = preSolution
		HideSolutionNode = FALSE
	EndGlobalSection
	GlobalSection(ExtensibilityGlobals) = postSolution
		SolutionGuid = {93A1A867-9204-4AA0-B290-4163DEA41982}
	EndGlobalSection
EndGlobal
