
Microsoft Visual Studio Solution File, Format Version 12.00
# Visual Studio Version 16
VisualStudioVersion = 16.0.31410.357
MinimumVisualStudioVersion = 10.0.40219.1
Project("{FAE04EC0-301F-11D3-BF4B-00C04F79EFBC}") = "exercicio05", "exercicio05\exercicio05.csproj", "{57AABC1D-8EC1-400C-BE6D-57265C15DAC0}"
EndProject
Global
	GlobalSection(SolutionConfigurationPlatforms) = preSolution
		Debug|Any CPU = Debug|Any CPU
		Release|Any CPU = Release|Any CPU
	EndGlobalSection
	GlobalSection(ProjectConfigurationPlatforms) = postSolution
		{57AABC1D-8EC1-400C-BE6D-57265C15DAC0}.Debug|Any CPU.ActiveCfg = Debug|Any CPU
		{57AABC1D-8EC1-400C-BE6D-57265C15DAC0}.Debug|Any CPU.Build.0 = Debug|Any CPU
		{57AABC1D-8EC1-400C-BE6D-57265C15DAC0}.Release|Any CPU.ActiveCfg = Release|Any CPU
		{57AABC1D-8EC1-400C-BE6D-57265C15DAC0}.Release|Any CPU.Build.0 = Release|Any CPU
	EndGlobalSection
	GlobalSection(SolutionProperties) = preSolution
		HideSolutionNode = FALSE
	EndGlobalSection
	GlobalSection(ExtensibilityGlobals) = postSolution
		SolutionGuid = {AD37C903-669E-4D45-800C-00C6908519AD}
	EndGlobalSection
EndGlobal
