
Microsoft Visual Studio Solution File, Format Version 12.00
# Visual Studio Version 16
VisualStudioVersion = 16.0.31410.357
MinimumVisualStudioVersion = 10.0.40219.1
Project("{FAE04EC0-301F-11D3-BF4B-00C04F79EFBC}") = "07-cadaLinha", "07-cadaLinha\07-cadaLinha.csproj", "{2F3A3340-B701-440F-9733-0980D435FDCC}"
EndProject
Global
	GlobalSection(SolutionConfigurationPlatforms) = preSolution
		Debug|Any CPU = Debug|Any CPU
		Release|Any CPU = Release|Any CPU
	EndGlobalSection
	GlobalSection(ProjectConfigurationPlatforms) = postSolution
		{2F3A3340-B701-440F-9733-0980D435FDCC}.Debug|Any CPU.ActiveCfg = Debug|Any CPU
		{2F3A3340-B701-440F-9733-0980D435FDCC}.Debug|Any CPU.Build.0 = Debug|Any CPU
		{2F3A3340-B701-440F-9733-0980D435FDCC}.Release|Any CPU.ActiveCfg = Release|Any CPU
		{2F3A3340-B701-440F-9733-0980D435FDCC}.Release|Any CPU.Build.0 = Release|Any CPU
	EndGlobalSection
	GlobalSection(SolutionProperties) = preSolution
		HideSolutionNode = FALSE
	EndGlobalSection
	GlobalSection(ExtensibilityGlobals) = postSolution
		SolutionGuid = {74EA5C50-616F-46B6-BFFB-3260B9CF6678}
	EndGlobalSection
EndGlobal
