
Microsoft Visual Studio Solution File, Format Version 12.00
# Visual Studio Version 16
VisualStudioVersion = 16.0.31410.357
MinimumVisualStudioVersion = 10.0.40219.1
Project("{FAE04EC0-301F-11D3-BF4B-00C04F79EFBC}") = "04-menorDeTres", "04-menorDeTres\04-menorDeTres.csproj", "{0C887DCF-4F57-40E9-ABFD-B8CD908992DF}"
EndProject
Global
	GlobalSection(SolutionConfigurationPlatforms) = preSolution
		Debug|Any CPU = Debug|Any CPU
		Release|Any CPU = Release|Any CPU
	EndGlobalSection
	GlobalSection(ProjectConfigurationPlatforms) = postSolution
		{0C887DCF-4F57-40E9-ABFD-B8CD908992DF}.Debug|Any CPU.ActiveCfg = Debug|Any CPU
		{0C887DCF-4F57-40E9-ABFD-B8CD908992DF}.Debug|Any CPU.Build.0 = Debug|Any CPU
		{0C887DCF-4F57-40E9-ABFD-B8CD908992DF}.Release|Any CPU.ActiveCfg = Release|Any CPU
		{0C887DCF-4F57-40E9-ABFD-B8CD908992DF}.Release|Any CPU.Build.0 = Release|Any CPU
	EndGlobalSection
	GlobalSection(SolutionProperties) = preSolution
		HideSolutionNode = FALSE
	EndGlobalSection
	GlobalSection(ExtensibilityGlobals) = postSolution
		SolutionGuid = {752191A6-9898-437D-B4B3-A848BAB393EC}
	EndGlobalSection
EndGlobal
