
Microsoft Visual Studio Solution File, Format Version 12.00
# Visual Studio Version 16
VisualStudioVersion = 16.0.31410.357
MinimumVisualStudioVersion = 10.0.40219.1
Project("{FAE04EC0-301F-11D3-BF4B-00C04F79EFBC}") = "06-somaVetor", "06-somaVetor\06-somaVetor.csproj", "{A7188210-D2E8-4487-866B-BA01D01F6F57}"
EndProject
Global
	GlobalSection(SolutionConfigurationPlatforms) = preSolution
		Debug|Any CPU = Debug|Any CPU
		Release|Any CPU = Release|Any CPU
	EndGlobalSection
	GlobalSection(ProjectConfigurationPlatforms) = postSolution
		{A7188210-D2E8-4487-866B-BA01D01F6F57}.Debug|Any CPU.ActiveCfg = Debug|Any CPU
		{A7188210-D2E8-4487-866B-BA01D01F6F57}.Debug|Any CPU.Build.0 = Debug|Any CPU
		{A7188210-D2E8-4487-866B-BA01D01F6F57}.Release|Any CPU.ActiveCfg = Release|Any CPU
		{A7188210-D2E8-4487-866B-BA01D01F6F57}.Release|Any CPU.Build.0 = Release|Any CPU
	EndGlobalSection
	GlobalSection(SolutionProperties) = preSolution
		HideSolutionNode = FALSE
	EndGlobalSection
	GlobalSection(ExtensibilityGlobals) = postSolution
		SolutionGuid = {9C42865D-D6D5-4608-A77F-54C08E2B9902}
	EndGlobalSection
EndGlobal
