
Microsoft Visual Studio Solution File, Format Version 12.00
# Visual Studio Version 16
VisualStudioVersion = 16.0.31410.357
MinimumVisualStudioVersion = 10.0.40219.1
Project("{FAE04EC0-301F-11D3-BF4B-00C04F79EFBC}") = "exercicio03", "exercicio03\exercicio03.csproj", "{92CD24C8-F9B3-4669-A429-3A6926FB1739}"
EndProject
Global
	GlobalSection(SolutionConfigurationPlatforms) = preSolution
		Debug|Any CPU = Debug|Any CPU
		Release|Any CPU = Release|Any CPU
	EndGlobalSection
	GlobalSection(ProjectConfigurationPlatforms) = postSolution
		{92CD24C8-F9B3-4669-A429-3A6926FB1739}.Debug|Any CPU.ActiveCfg = Debug|Any CPU
		{92CD24C8-F9B3-4669-A429-3A6926FB1739}.Debug|Any CPU.Build.0 = Debug|Any CPU
		{92CD24C8-F9B3-4669-A429-3A6926FB1739}.Release|Any CPU.ActiveCfg = Release|Any CPU
		{92CD24C8-F9B3-4669-A429-3A6926FB1739}.Release|Any CPU.Build.0 = Release|Any CPU
	EndGlobalSection
	GlobalSection(SolutionProperties) = preSolution
		HideSolutionNode = FALSE
	EndGlobalSection
	GlobalSection(ExtensibilityGlobals) = postSolution
		SolutionGuid = {BBE96288-59D3-4DDF-A774-2C5048053028}
	EndGlobalSection
EndGlobal
