
Microsoft Visual Studio Solution File, Format Version 12.00
# Visual Studio Version 16
VisualStudioVersion = 16.0.31410.357
MinimumVisualStudioVersion = 10.0.40219.1
Project("{FAE04EC0-301F-11D3-BF4B-00C04F79EFBC}") = "06-aprovados", "06-aprovados\06-aprovados.csproj", "{38BD3488-9CE4-4D6B-BCF3-29073C54F410}"
EndProject
Global
	GlobalSection(SolutionConfigurationPlatforms) = preSolution
		Debug|Any CPU = Debug|Any CPU
		Release|Any CPU = Release|Any CPU
	EndGlobalSection
	GlobalSection(ProjectConfigurationPlatforms) = postSolution
		{38BD3488-9CE4-4D6B-BCF3-29073C54F410}.Debug|Any CPU.ActiveCfg = Debug|Any CPU
		{38BD3488-9CE4-4D6B-BCF3-29073C54F410}.Debug|Any CPU.Build.0 = Debug|Any CPU
		{38BD3488-9CE4-4D6B-BCF3-29073C54F410}.Release|Any CPU.ActiveCfg = Release|Any CPU
		{38BD3488-9CE4-4D6B-BCF3-29073C54F410}.Release|Any CPU.Build.0 = Release|Any CPU
	EndGlobalSection
	GlobalSection(SolutionProperties) = preSolution
		HideSolutionNode = FALSE
	EndGlobalSection
	GlobalSection(ExtensibilityGlobals) = postSolution
		SolutionGuid = {497C537A-0DFE-48B6-8774-F8DE53F36698}
	EndGlobalSection
EndGlobal
