
Microsoft Visual Studio Solution File, Format Version 12.00
# Visual Studio Version 16
VisualStudioVersion = 16.0.31410.357
MinimumVisualStudioVersion = 10.0.40219.1
Project("{FAE04EC0-301F-11D3-BF4B-00C04F79EFBC}") = "06-maisVelho", "06-maisVelho\06-maisVelho.csproj", "{35749B51-E5E4-47A5-84B1-90ABB44A3B96}"
EndProject
Global
	GlobalSection(SolutionConfigurationPlatforms) = preSolution
		Debug|Any CPU = Debug|Any CPU
		Release|Any CPU = Release|Any CPU
	EndGlobalSection
	GlobalSection(ProjectConfigurationPlatforms) = postSolution
		{35749B51-E5E4-47A5-84B1-90ABB44A3B96}.Debug|Any CPU.ActiveCfg = Debug|Any CPU
		{35749B51-E5E4-47A5-84B1-90ABB44A3B96}.Debug|Any CPU.Build.0 = Debug|Any CPU
		{35749B51-E5E4-47A5-84B1-90ABB44A3B96}.Release|Any CPU.ActiveCfg = Release|Any CPU
		{35749B51-E5E4-47A5-84B1-90ABB44A3B96}.Release|Any CPU.Build.0 = Release|Any CPU
	EndGlobalSection
	GlobalSection(SolutionProperties) = preSolution
		HideSolutionNode = FALSE
	EndGlobalSection
	GlobalSection(ExtensibilityGlobals) = postSolution
		SolutionGuid = {0E3EC747-05E2-4602-8572-FB9F63FB6ACD}
	EndGlobalSection
EndGlobal
