
Microsoft Visual Studio Solution File, Format Version 12.00
# Visual Studio Version 16
VisualStudioVersion = 16.0.31410.357
MinimumVisualStudioVersion = 10.0.40219.1
Project("{FAE04EC0-301F-11D3-BF4B-00C04F79EFBC}") = "exercicio02", "exercicio02\exercicio02.csproj", "{938B381C-2C8B-4B3E-8011-9F5E8C25899A}"
EndProject
Global
	GlobalSection(SolutionConfigurationPlatforms) = preSolution
		Debug|Any CPU = Debug|Any CPU
		Release|Any CPU = Release|Any CPU
	EndGlobalSection
	GlobalSection(ProjectConfigurationPlatforms) = postSolution
		{938B381C-2C8B-4B3E-8011-9F5E8C25899A}.Debug|Any CPU.ActiveCfg = Debug|Any CPU
		{938B381C-2C8B-4B3E-8011-9F5E8C25899A}.Debug|Any CPU.Build.0 = Debug|Any CPU
		{938B381C-2C8B-4B3E-8011-9F5E8C25899A}.Release|Any CPU.ActiveCfg = Release|Any CPU
		{938B381C-2C8B-4B3E-8011-9F5E8C25899A}.Release|Any CPU.Build.0 = Release|Any CPU
	EndGlobalSection
	GlobalSection(SolutionProperties) = preSolution
		HideSolutionNode = FALSE
	EndGlobalSection
	GlobalSection(ExtensibilityGlobals) = postSolution
		SolutionGuid = {345C5CB6-D26B-4A22-9804-607568D0250F}
	EndGlobalSection
EndGlobal
