
Microsoft Visual Studio Solution File, Format Version 12.00
# Visual Studio Version 16
VisualStudioVersion = 16.0.31410.357
MinimumVisualStudioVersion = 10.0.40219.1
Project("{FAE04EC0-301F-11D3-BF4B-00C04F79EFBC}") = "07-negativosMatriz", "07-negativosMatriz\07-negativosMatriz.csproj", "{EFC29CF3-B9AF-46AE-963F-F79D626566E6}"
EndProject
Global
	GlobalSection(SolutionConfigurationPlatforms) = preSolution
		Debug|Any CPU = Debug|Any CPU
		Release|Any CPU = Release|Any CPU
	EndGlobalSection
	GlobalSection(ProjectConfigurationPlatforms) = postSolution
		{EFC29CF3-B9AF-46AE-963F-F79D626566E6}.Debug|Any CPU.ActiveCfg = Debug|Any CPU
		{EFC29CF3-B9AF-46AE-963F-F79D626566E6}.Debug|Any CPU.Build.0 = Debug|Any CPU
		{EFC29CF3-B9AF-46AE-963F-F79D626566E6}.Release|Any CPU.ActiveCfg = Release|Any CPU
		{EFC29CF3-B9AF-46AE-963F-F79D626566E6}.Release|Any CPU.Build.0 = Release|Any CPU
	EndGlobalSection
	GlobalSection(SolutionProperties) = preSolution
		HideSolutionNode = FALSE
	EndGlobalSection
	GlobalSection(ExtensibilityGlobals) = postSolution
		SolutionGuid = {99888E1F-D2A2-4E83-B83C-28A6F88AA46E}
	EndGlobalSection
EndGlobal
