
Microsoft Visual Studio Solution File, Format Version 12.00
# Visual Studio Version 16
VisualStudioVersion = 16.0.31410.357
MinimumVisualStudioVersion = 10.0.40219.1
Project("{FAE04EC0-301F-11D3-BF4B-00C04F79EFBC}") = "05-crescente", "05-crescente\05-crescente.csproj", "{EBA4DEE0-56EB-4BA2-A66C-6E244BBD6230}"
EndProject
Global
	GlobalSection(SolutionConfigurationPlatforms) = preSolution
		Debug|Any CPU = Debug|Any CPU
		Release|Any CPU = Release|Any CPU
	EndGlobalSection
	GlobalSection(ProjectConfigurationPlatforms) = postSolution
		{EBA4DEE0-56EB-4BA2-A66C-6E244BBD6230}.Debug|Any CPU.ActiveCfg = Debug|Any CPU
		{EBA4DEE0-56EB-4BA2-A66C-6E244BBD6230}.Debug|Any CPU.Build.0 = Debug|Any CPU
		{EBA4DEE0-56EB-4BA2-A66C-6E244BBD6230}.Release|Any CPU.ActiveCfg = Release|Any CPU
		{EBA4DEE0-56EB-4BA2-A66C-6E244BBD6230}.Release|Any CPU.Build.0 = Release|Any CPU
	EndGlobalSection
	GlobalSection(SolutionProperties) = preSolution
		HideSolutionNode = FALSE
	EndGlobalSection
	GlobalSection(ExtensibilityGlobals) = postSolution
		SolutionGuid = {4719B7BB-E5DD-42CC-B11E-D0E6F37AE523}
	EndGlobalSection
EndGlobal
